
Microsoft Visual Studio Solution File, Format Version 12.00
# Visual Studio Version 17
VisualStudioVersion = 17.13.35913.81 d17.13
MinimumVisualStudioVersion = 10.0.40219.1
Project("{FAE04EC0-301F-11D3-BF4B-00C04F79EFBC}") = "GestVeicular", "GestVeicular.csproj", "{0A479D63-C0C3-4040-91A3-457C12610EE5}"
EndProject
Global
	GlobalSection(SolutionConfigurationPlatforms) = preSolution
		Debug|Any CPU = Debug|Any CPU
		Release|Any CPU = Release|Any CPU
	EndGlobalSection
	GlobalSection(ProjectConfigurationPlatforms) = postSolution
		{0A479D63-C0C3-4040-91A3-457C12610EE5}.Debug|Any CPU.ActiveCfg = Debug|Any CPU
		{0A479D63-C0C3-4040-91A3-457C12610EE5}.Debug|Any CPU.Build.0 = Debug|Any CPU
		{0A479D63-C0C3-4040-91A3-457C12610EE5}.Release|Any CPU.ActiveCfg = Release|Any CPU
		{0A479D63-C0C3-4040-91A3-457C12610EE5}.Release|Any CPU.Build.0 = Release|Any CPU
	EndGlobalSection
	GlobalSection(SolutionProperties) = preSolution
		HideSolutionNode = FALSE
	EndGlobalSection
	GlobalSection(ExtensibilityGlobals) = postSolution
		SolutionGuid = {B173A9F1-5F66-4196-89B8-B5B309D7C710}
	EndGlobalSection
EndGlobal
